PODS:
  - VTMagic (1.2.0):
    - VTMagic/Core (= 1.2.0)
  - VTMagic/Core (1.2.0)

DEPENDENCIES:
  - VTMagic (from `./`)

EXTERNAL SOURCES:
  VTMagic:
    :path: ./

SPEC CHECKSUMS:
  VTMagic: 3c77d572358adfb49e754a8425d30388bb1d72b6

PODFILE CHECKSUM: 9904a30729e9a4e8ceff7f85b5976ad299be7ee4

COCOAPODS: 1.0.1
